
Microsoft Visual Studio Solution File, Format Version 12.00
# Visual Studio 2012
Project("{FAE04EC0-301F-11D3-BF4B-00C04F79EFBC}") = "ComputerAccess", "ComputerAccess\ComputerAccess.csproj", "{72185383-6614-4A8F-B160-708471BEC56E}"
EndProject
Project("{FAE04EC0-301F-11D3-BF4B-00C04F79EFBC}") = "userClient", "userClient\userClient.csproj", "{C95A0B4D-1BD3-422D-A8EE-8F708051DE9E}"
EndProject
Global
	GlobalSection(SolutionConfigurationPlatforms) = preSolution
		Debug|Any CPU = Debug|Any CPU
		Release|Any CPU = Release|Any CPU
	EndGlobalSection
	GlobalSection(ProjectConfigurationPlatforms) = postSolution
		{72185383-6614-4A8F-B160-708471BEC56E}.Debug|Any CPU.ActiveCfg = Debug|Any CPU
		{72185383-6614-4A8F-B160-708471BEC56E}.Debug|Any CPU.Build.0 = Debug|Any CPU
		{72185383-6614-4A8F-B160-708471BEC56E}.Release|Any CPU.ActiveCfg = Release|Any CPU
		{72185383-6614-4A8F-B160-708471BEC56E}.Release|Any CPU.Build.0 = Release|Any CPU
		{C95A0B4D-1BD3-422D-A8EE-8F708051DE9E}.Debug|Any CPU.ActiveCfg = Debug|Any CPU
		{C95A0B4D-1BD3-422D-A8EE-8F708051DE9E}.Debug|Any CPU.Build.0 = Debug|Any CPU
		{C95A0B4D-1BD3-422D-A8EE-8F708051DE9E}.Release|Any CPU.ActiveCfg = Release|Any CPU
		{C95A0B4D-1BD3-422D-A8EE-8F708051DE9E}.Release|Any CPU.Build.0 = Release|Any CPU
	EndGlobalSection
	GlobalSection(SolutionProperties) = preSolution
		HideSolutionNode = FALSE
	EndGlobalSection
EndGlobal
